
Microsoft Visual Studio Solution File, Format Version 12.00
# Visual Studio Version 17
VisualStudioVersion = 17.0.32002.185
MinimumVisualStudioVersion = 10.0.40219.1
Project("{9A19103F-16F7-4668-BE54-9A1E7A4F7556}") = "ShopLibrary", "ShopLibrary\ShopLibrary.csproj", "{C2F38B4B-EAA5-4561-9F2E-8EF03BA7E600}"
EndProject
Project("{9A19103F-16F7-4668-BE54-9A1E7A4F7556}") = "ShopTest", "ShopTest\ShopTest.csproj", "{6571EECC-FA84-4852-BCFC-F7322BA1FC2C}"
EndProject
Project("{2150E333-8FDC-42A3-9474-1A3956D46DE8}") = "Solution Items", "Solution Items", "{7AA9D374-E34C-401E-AD79-B98FD222184F}"
	ProjectSection(SolutionItems) = preProject
		.editorconfig = .editorconfig
	EndProjectSection
EndProject
Project("{9A19103F-16F7-4668-BE54-9A1E7A4F7556}") = "ShopUI", "ShopUI\ShopUI\ShopUI.csproj", "{E956AD76-7B94-47AF-ADAA-18025CB4DF0B}"
EndProject
Project("{9A19103F-16F7-4668-BE54-9A1E7A4F7556}") = "ShopUI.Services", "ShopUI\Services\ShopUI.Services\ShopUI.Services.csproj", "{BB74D71D-E606-44A9-B534-9B68598B3926}"
EndProject
Project("{2150E333-8FDC-42A3-9474-1A3956D46DE8}") = "Modules", "Modules", "{23ED0C10-0D1D-4A6F-A635-D2BEF7B9AC1A}"
EndProject
Project("{9A19103F-16F7-4668-BE54-9A1E7A4F7556}") = "ShopUI.Modules.Customers", "ShopUI\Modules\ShopUI.Modules.Products\ShopUI.Modules.Customers.csproj", "{3A3FE71C-B61A-4BCA-819B-94BB0BC3954B}"
EndProject
Project("{9A19103F-16F7-4668-BE54-9A1E7A4F7556}") = "ShopUI.Modules.NotificationTools", "ShopUI\Modules\ShopUI.Modules.NotificationTools\ShopUI.Modules.NotificationTools.csproj", "{85C17E99-7C56-44AD-B0DA-AC64408FE840}"
EndProject
Project("{9A19103F-16F7-4668-BE54-9A1E7A4F7556}") = "ShopUI.Services.Interfaces", "ShopUI.Services.Interfaces\ShopUI.Services.Interfaces.csproj", "{F6043BED-1980-49B0-942C-0D60141FA6C9}"
EndProject
Project("{9A19103F-16F7-4668-BE54-9A1E7A4F7556}") = "ShopUI.Core", "ShopUI.Core\ShopUI.Core.csproj", "{8AC1B6F5-63EC-49A4-A8CE-4F787F917E5B}"
EndProject
Project("{FAE04EC0-301F-11D3-BF4B-00C04F79EFBC}") = "EventAggregator.Core", "EventAggregator.Core\EventAggregator.Core.csproj", "{BD05C98B-ED4F-429B-ACE9-A157F888327B}"
EndProject
Global
	GlobalSection(SolutionConfigurationPlatforms) = preSolution
		Debug|Any CPU = Debug|Any CPU
		Release|Any CPU = Release|Any CPU
	EndGlobalSection
	GlobalSection(ProjectConfigurationPlatforms) = postSolution
		{C2F38B4B-EAA5-4561-9F2E-8EF03BA7E600}.Debug|Any CPU.ActiveCfg = Debug|Any CPU
		{C2F38B4B-EAA5-4561-9F2E-8EF03BA7E600}.Debug|Any CPU.Build.0 = Debug|Any CPU
		{C2F38B4B-EAA5-4561-9F2E-8EF03BA7E600}.Release|Any CPU.ActiveCfg = Release|Any CPU
		{C2F38B4B-EAA5-4561-9F2E-8EF03BA7E600}.Release|Any CPU.Build.0 = Release|Any CPU
		{6571EECC-FA84-4852-BCFC-F7322BA1FC2C}.Debug|Any CPU.ActiveCfg = Debug|Any CPU
		{6571EECC-FA84-4852-BCFC-F7322BA1FC2C}.Debug|Any CPU.Build.0 = Debug|Any CPU
		{6571EECC-FA84-4852-BCFC-F7322BA1FC2C}.Release|Any CPU.ActiveCfg = Release|Any CPU
		{6571EECC-FA84-4852-BCFC-F7322BA1FC2C}.Release|Any CPU.Build.0 = Release|Any CPU
		{E956AD76-7B94-47AF-ADAA-18025CB4DF0B}.Debug|Any CPU.ActiveCfg = Debug|Any CPU
		{E956AD76-7B94-47AF-ADAA-18025CB4DF0B}.Debug|Any CPU.Build.0 = Debug|Any CPU
		{E956AD76-7B94-47AF-ADAA-18025CB4DF0B}.Release|Any CPU.ActiveCfg = Release|Any CPU
		{E956AD76-7B94-47AF-ADAA-18025CB4DF0B}.Release|Any CPU.Build.0 = Release|Any CPU
		{BB74D71D-E606-44A9-B534-9B68598B3926}.Debug|Any CPU.ActiveCfg = Debug|Any CPU
		{BB74D71D-E606-44A9-B534-9B68598B3926}.Debug|Any CPU.Build.0 = Debug|Any CPU
		{BB74D71D-E606-44A9-B534-9B68598B3926}.Release|Any CPU.ActiveCfg = Release|Any CPU
		{BB74D71D-E606-44A9-B534-9B68598B3926}.Release|Any CPU.Build.0 = Release|Any CPU
		{3A3FE71C-B61A-4BCA-819B-94BB0BC3954B}.Debug|Any CPU.ActiveCfg = Debug|Any CPU
		{3A3FE71C-B61A-4BCA-819B-94BB0BC3954B}.Debug|Any CPU.Build.0 = Debug|Any CPU
		{3A3FE71C-B61A-4BCA-819B-94BB0BC3954B}.Release|Any CPU.ActiveCfg = Release|Any CPU
		{3A3FE71C-B61A-4BCA-819B-94BB0BC3954B}.Release|Any CPU.Build.0 = Release|Any CPU
		{85C17E99-7C56-44AD-B0DA-AC64408FE840}.Debug|Any CPU.ActiveCfg = Debug|Any CPU
		{85C17E99-7C56-44AD-B0DA-AC64408FE840}.Debug|Any CPU.Build.0 = Debug|Any CPU
		{85C17E99-7C56-44AD-B0DA-AC64408FE840}.Release|Any CPU.ActiveCfg = Release|Any CPU
		{85C17E99-7C56-44AD-B0DA-AC64408FE840}.Release|Any CPU.Build.0 = Release|Any CPU
		{F6043BED-1980-49B0-942C-0D60141FA6C9}.Debug|Any CPU.ActiveCfg = Debug|Any CPU
		{F6043BED-1980-49B0-942C-0D60141FA6C9}.Debug|Any CPU.Build.0 = Debug|Any CPU
		{F6043BED-1980-49B0-942C-0D60141FA6C9}.Release|Any CPU.ActiveCfg = Release|Any CPU
		{F6043BED-1980-49B0-942C-0D60141FA6C9}.Release|Any CPU.Build.0 = Release|Any CPU
		{8AC1B6F5-63EC-49A4-A8CE-4F787F917E5B}.Debug|Any CPU.ActiveCfg = Debug|Any CPU
		{8AC1B6F5-63EC-49A4-A8CE-4F787F917E5B}.Debug|Any CPU.Build.0 = Debug|Any CPU
		{8AC1B6F5-63EC-49A4-A8CE-4F787F917E5B}.Release|Any CPU.ActiveCfg = Release|Any CPU
		{8AC1B6F5-63EC-49A4-A8CE-4F787F917E5B}.Release|Any CPU.Build.0 = Release|Any CPU
		{BD05C98B-ED4F-429B-ACE9-A157F888327B}.Debug|Any CPU.ActiveCfg = Debug|Any CPU
		{BD05C98B-ED4F-429B-ACE9-A157F888327B}.Debug|Any CPU.Build.0 = Debug|Any CPU
		{BD05C98B-ED4F-429B-ACE9-A157F888327B}.Release|Any CPU.ActiveCfg = Release|Any CPU
		{BD05C98B-ED4F-429B-ACE9-A157F888327B}.Release|Any CPU.Build.0 = Release|Any CPU
	EndGlobalSection
	GlobalSection(SolutionProperties) = preSolution
		HideSolutionNode = FALSE
	EndGlobalSection
	GlobalSection(NestedProjects) = preSolution
		{3A3FE71C-B61A-4BCA-819B-94BB0BC3954B} = {23ED0C10-0D1D-4A6F-A635-D2BEF7B9AC1A}
		{85C17E99-7C56-44AD-B0DA-AC64408FE840} = {23ED0C10-0D1D-4A6F-A635-D2BEF7B9AC1A}
	EndGlobalSection
	GlobalSection(ExtensibilityGlobals) = postSolution
		SolutionGuid = {AE1640B6-B567-45F3-B5BC-2371F69773A3}
	EndGlobalSection
EndGlobal
